<?xml version="1.0" encoding="utf-8"?>
<Project ToolsVersion="4.0" xmlns="http://schemas.microsoft.com/developer/msbuild/2003">
  <ItemGroup>
    <Filter Include="Source Files">
      <UniqueIdentifier>{4FC737F1-C7A5-4376-A066-2A32D752A2FF}</UniqueIdentifier>
      <Extensions>cpp;c;cc;cxx;c++;cppm;ixx;def;odl;idl;hpj;bat;asm;asmx</Extensions>
    </Filter>
    <Filter Include="Header Files">
      <UniqueIdentifier>{93995380-89BD-4b04-88EB-625FBE52EBFB}</UniqueIdentifier>
      <Extensions>h;hh;hpp;hxx;h++;hm;inl;inc;ipp;xsd</Extensions>
    </Filter>
    <Filter Include="Resource Files">
      <UniqueIdentifier>{67DA6AB6-F800-4c08-8B7A-83BB121AAD01}</UniqueIdentifier>
      <Extensions>rc;ico;cur;bmp;dlg;rc2;rct;bin;rgs;gif;jpg;jpeg;jpe;resx;tiff;tif;png;wav;mfcribbon-ms</Extensions>
    </Filter>
    <Filter Include="Source Files\src">
      <UniqueIdentifier>{11b5d1f7-9f93-4b96-8150-269ad80c5c80}</UniqueIdentifier>
    </Filter>
    <Filter Include="Source Files\src\App">
      <UniqueIdentifier>{65c34079-ca65-441f-877e-3d8242f4cfdc}</UniqueIdentifier>
    </Filter>
    <Filter Include="Source Files\src\Core">
      <UniqueIdentifier>{5fcd939e-b931-4ebf-b23b-88a473ed3c3e}</UniqueIdentifier>
    </Filter>
  </ItemGroup>
  <ItemGroup>
    <ClInclude Include="App\Window.h">
      <Filter>Source Files\src\App</Filter>
    </ClInclude>
    <ClInclude Include="DXRenderer.h">
      <Filter>Source Files\src\Core</Filter>
    </ClInclude>
    <ClInclude Include="Core\DXDevice.h">
      <Filter>Source Files\src\Core</Filter>
    </ClInclude>
  </ItemGroup>
  <ItemGroup>
    <ClCompile Include="App\Main.cpp">
      <Filter>Source Files\src\App</Filter>
    </ClCompile>
    <ClCompile Include="App\Window.cpp">
      <Filter>Source Files\src\App</Filter>
    </ClCompile>
    <ClCompile Include="Core\DXDevice.cpp">
      <Filter>Source Files\src\Core</Filter>
    </ClCompile>
    <ClCompile Include="DXRenderer.cpp">
      <Filter>Source Files\src\Core</Filter>
    </ClCompile>
  </ItemGroup>
</Project>